
Microsoft Visual Studio Solution File, Format Version 12.00
# Visual Studio 14
VisualStudioVersion = 14.0.22609.0
MinimumVisualStudioVersion = 10.0.40219.1
Project("{E24C65DC-7377-472B-9ABA-BC803B73C61A}") = "content-private", "http://localhost:24045", "{7E00E525-3844-44AC-95B8-9C61A455FDFA}"
	ProjectSection(WebsiteProperties) = preProject
		UseIISExpress = "true"
		TargetFrameworkMoniker = ".NETFramework,Version%3Dv4.0"
		Debug.AspNetCompiler.VirtualPath = "/localhost_24045"
		Debug.AspNetCompiler.PhysicalPath = "..\content-private\"
		Debug.AspNetCompiler.TargetPath = "PrecompiledWeb\localhost_24045\"
		Debug.AspNetCompiler.Updateable = "true"
		Debug.AspNetCompiler.ForceOverwrite = "true"
		Debug.AspNetCompiler.FixedNames = "false"
		Debug.AspNetCompiler.Debug = "True"
		Release.AspNetCompiler.VirtualPath = "/localhost_24045"
		Release.AspNetCompiler.PhysicalPath = "..\content-private\"
		Release.AspNetCompiler.TargetPath = "PrecompiledWeb\localhost_24045\"
		Release.AspNetCompiler.Updateable = "true"
		Release.AspNetCompiler.ForceOverwrite = "true"
		Release.AspNetCompiler.FixedNames = "false"
		Release.AspNetCompiler.Debug = "False"
		SlnRelativePath = "..\content-private\"
	EndProjectSection
EndProject
Project("{2150E333-8FDC-42A3-9474-1A3956D46DE8}") = "Solution Items", "Solution Items", "{E86AEA4A-EE6C-45AE-A763-FBCE1B96765D}"
	ProjectSection(SolutionItems) = preProject
		index.htm = index.htm
	EndProjectSection
EndProject
Global
	GlobalSection(SolutionConfigurationPlatforms) = preSolution
		Debug|Any CPU = Debug|Any CPU
	EndGlobalSection
	GlobalSection(ProjectConfigurationPlatforms) = postSolution
		{7E00E525-3844-44AC-95B8-9C61A455FDFA}.Debug|Any CPU.ActiveCfg = Debug|Any CPU
		{7E00E525-3844-44AC-95B8-9C61A455FDFA}.Debug|Any CPU.Build.0 = Debug|Any CPU
	EndGlobalSection
	GlobalSection(SolutionProperties) = preSolution
		HideSolutionNode = FALSE
	EndGlobalSection
EndGlobal
